{
  "requires": true,
  "lockfileVersion": 1,
  "dependencies": {
    "speechkitt": {
      "version": "1.0.0",
      "resolved": "https://registry.npmjs.org/speechkitt/-/speechkitt-1.0.0.tgz",
      "integrity": "sha512-H8uadV6ZbLtXNdNVPdL0rDCUYhmY8lzV2MepSFt+NXdcfppgV3uUBj9GErcI8sBMjXz3dqaYD/JxbNQIiSLWsA=="
    }
  }
}
